
Microsoft Visual Studio Solution File, Format Version 12.00
# Visual Studio 15
VisualStudioVersion = 15.0.28307.902
MinimumVisualStudioVersion = 10.0.40219.1
Project("{FAE04EC0-301F-11D3-BF4B-00C04F79EFBC}") = "bpmntrails", "bpmntrails\bpmntrails.csproj", "{B259E6D3-97B7-4906-9D0B-6FBEEF4FDBEC}"
EndProject
Project("{FAE04EC0-301F-11D3-BF4B-00C04F79EFBC}") = "DotReader", "DotReader\DotReader.csproj", "{9EC67741-F7BA-402D-9DE8-DF60744E6EAA}"
EndProject
Project("{FAE04EC0-301F-11D3-BF4B-00C04F79EFBC}") = "Tester", "Tester\Tester.csproj", "{00B215E5-C8C8-4456-951A-48FF844AA4CC}"
EndProject
Project("{9A19103F-16F7-4668-BE54-9A1E7A4F7556}") = "Getter", "Getter\Getter.csproj", "{ECA7E635-6F49-4B93-A198-2BA75688A080}"
EndProject
Project("{FAE04EC0-301F-11D3-BF4B-00C04F79EFBC}") = "DCRReader", "DCRReader\DCRReader.csproj", "{8FF2D3A7-B792-4D51-9549-1DFF45A2B0EA}"
EndProject
Global
	GlobalSection(SolutionConfigurationPlatforms) = preSolution
		Debug|Any CPU = Debug|Any CPU
		Release|Any CPU = Release|Any CPU
	EndGlobalSection
	GlobalSection(ProjectConfigurationPlatforms) = postSolution
		{B259E6D3-97B7-4906-9D0B-6FBEEF4FDBEC}.Debug|Any CPU.ActiveCfg = Debug|Any CPU
		{B259E6D3-97B7-4906-9D0B-6FBEEF4FDBEC}.Debug|Any CPU.Build.0 = Debug|Any CPU
		{B259E6D3-97B7-4906-9D0B-6FBEEF4FDBEC}.Release|Any CPU.ActiveCfg = Release|Any CPU
		{B259E6D3-97B7-4906-9D0B-6FBEEF4FDBEC}.Release|Any CPU.Build.0 = Release|Any CPU
		{9EC67741-F7BA-402D-9DE8-DF60744E6EAA}.Debug|Any CPU.ActiveCfg = Debug|Any CPU
		{9EC67741-F7BA-402D-9DE8-DF60744E6EAA}.Debug|Any CPU.Build.0 = Debug|Any CPU
		{9EC67741-F7BA-402D-9DE8-DF60744E6EAA}.Release|Any CPU.ActiveCfg = Release|Any CPU
		{9EC67741-F7BA-402D-9DE8-DF60744E6EAA}.Release|Any CPU.Build.0 = Release|Any CPU
		{00B215E5-C8C8-4456-951A-48FF844AA4CC}.Debug|Any CPU.ActiveCfg = Debug|Any CPU
		{00B215E5-C8C8-4456-951A-48FF844AA4CC}.Debug|Any CPU.Build.0 = Debug|Any CPU
		{00B215E5-C8C8-4456-951A-48FF844AA4CC}.Release|Any CPU.ActiveCfg = Release|Any CPU
		{00B215E5-C8C8-4456-951A-48FF844AA4CC}.Release|Any CPU.Build.0 = Release|Any CPU
		{ECA7E635-6F49-4B93-A198-2BA75688A080}.Debug|Any CPU.ActiveCfg = Debug|Any CPU
		{ECA7E635-6F49-4B93-A198-2BA75688A080}.Debug|Any CPU.Build.0 = Debug|Any CPU
		{ECA7E635-6F49-4B93-A198-2BA75688A080}.Release|Any CPU.ActiveCfg = Release|Any CPU
		{ECA7E635-6F49-4B93-A198-2BA75688A080}.Release|Any CPU.Build.0 = Release|Any CPU
		{8FF2D3A7-B792-4D51-9549-1DFF45A2B0EA}.Debug|Any CPU.ActiveCfg = Debug|Any CPU
		{8FF2D3A7-B792-4D51-9549-1DFF45A2B0EA}.Debug|Any CPU.Build.0 = Debug|Any CPU
		{8FF2D3A7-B792-4D51-9549-1DFF45A2B0EA}.Release|Any CPU.ActiveCfg = Release|Any CPU
		{8FF2D3A7-B792-4D51-9549-1DFF45A2B0EA}.Release|Any CPU.Build.0 = Release|Any CPU
	EndGlobalSection
	GlobalSection(SolutionProperties) = preSolution
		HideSolutionNode = FALSE
	EndGlobalSection
	GlobalSection(ExtensibilityGlobals) = postSolution
		SolutionGuid = {1D5DE960-4C07-4B7F-B245-EB65FB0210F3}
	EndGlobalSection
EndGlobal
